// !$*UTF8*$!
{
	archiveVersion = 1;
	classes = {
	};
	objectVersion = 46;
	objects = {

/* Begin PBXBuildFile section */
		8E9A3E0D1B69ECBC00478785 /* libzbar.a in Frameworks */ = {isa = PBXBuildFile; fileRef = 8E9A3E0C1B69ECBC00478785 /* libzbar.a */; };
		8E9FFCD61A600C46006100E9 /* main.m in Sources */ = {isa = PBXBuildFile; fileRef = 8E9FFCD51A600C46006100E9 /* main.m */; };
		8E9FFCD91A600C46006100E9 /* AppDelegate.m in Sources */ = {isa = PBXBuildFile; fileRef = 8E9FFCD81A600C46006100E9 /* AppDelegate.m */; };
		8E9FFCDC1A600C46006100E9 /* ViewController.m in Sources */ = {isa = PBXBuildFile; fileRef = 8E9FFCDB1A600C46006100E9 /* ViewController.m */; };
		8E9FFCDF1A600C46006100E9 /* Main.storyboard in Resources */ = {isa = PBXBuildFile; fileRef = 8E9FFCDD1A600C46006100E9 /* Main.storyboard */; };
		8E9FFCE11A600C46006100E9 /* Images.xcassets in Resources */ = {isa = PBXBuildFile; fileRef = 8E9FFCE01A600C46006100E9 /* Images.xcassets */; };
		8E9FFCE41A600C46006100E9 /* LaunchScreen.xib in Resources */ = {isa = PBXBuildFile; fileRef = 8E9FFCE21A600C46006100E9 /* LaunchScreen.xib */; };
		8E9FFD101A600E78006100E9 /* AVFoundation.framework in Frameworks */ = {isa = PBXBuildFile; fileRef = 8E9FFD0F1A600E78006100E9 /* AVFoundation.framework */; };
		8E9FFD121A600E81006100E9 /* CoreMedia.framework in Frameworks */ = {isa = PBXBuildFile; fileRef = 8E9FFD111A600E81006100E9 /* CoreMedia.framework */; };
		8E9FFD141A600E8C006100E9 /* CoreVideo.framework in Frameworks */ = {isa = PBXBuildFile; fileRef = 8E9FFD131A600E8C006100E9 /* CoreVideo.framework */; };
		8E9FFD161A600E95006100E9 /* QuartzCore.framework in Frameworks */ = {isa = PBXBuildFile; fileRef = 8E9FFD151A600E95006100E9 /* QuartzCore.framework */; };
		8E9FFD181A600ED0006100E9 /* libiconv.dylib in Frameworks */ = {isa = PBXBuildFile; fileRef = 8E9FFD171A600ED0006100E9 /* libiconv.dylib */; };
/* End PBXBuildFile section */

/* Begin PBXContainerItemProxy section */
		8E9FFCEA1A600C46006100E9 /* PBXContainerItemProxy */ = {
			isa = PBXContainerItemProxy;
			containerPortal = 8E9FFCC81A600C46006100E9 /* Project object */;
			proxyType = 1;
			remoteGlobalIDString = 8E9FFCCF1A600C46006100E9;
			remoteInfo = STQRCodeScan;
		};
/* End PBXContainerItemProxy section */

/* Begin PBXFileReference section */
		8E9A3E0C1B69ECBC00478785 /* libzbar.a */ = {isa = PBXFileReference; lastKnownFileType = archive.ar; name = libzbar.a; path = ../../../../Desktop/Work/Backups/Third/ZBarSDK/libzbar.a; sourceTree = "<group>"; };
		8E9FFCD01A600C46006100E9 /* STQRCodeScan.app */ = {isa = PBXFileReference; explicitFileType = wrapper.application; includeInIndex = 0; path = STQRCodeScan.app; sourceTree = BUILT_PRODUCTS_DIR; };
		8E9FFCD41A600C46006100E9 /* Info.plist */ = {isa = PBXFileReference; lastKnownFileType = text.plist.xml; path = Info.plist; sourceTree = "<group>"; };
		8E9FFCD51A600C46006100E9 /* main.m */ = {isa = PBXFileReference; lastKnownFileType = sourcecode.c.objc; path = main.m; sourceTree = "<group>"; };
		8E9FFCD71A600C46006100E9 /* AppDelegate.h */ = {isa = PBXFileReference; lastKnownFileType = sourcecode.c.h; path = AppDelegate.h; sourceTree = "<group>"; };
		8E9FFCD81A600C46006100E9 /* AppDelegate.m */ = {isa = PBXFileReference; lastKnownFileType = sourcecode.c.objc; path = AppDelegate.m; sourceTree = "<group>"; };
		8E9FFCDA1A600C46006100E9 /* ViewController.h */ = {isa = PBXFileReference; lastKnownFileType = sourcecode.c.h; path = ViewController.h; sourceTree = "<group>"; };
		8E9FFCDB1A600C46006100E9 /* ViewController.m */ = {isa = PBXFileReference; lastKnownFileType = sourcecode.c.objc; path = ViewController.m; sourceTree = "<group>"; };
		8E9FFCDE1A600C46006100E9 /* Base */ = {isa = PBXFileReference; lastKnownFileType = file.storyboard; name = Base; path = Base.lproj/Main.storyboard; sourceTree = "<group>"; };
		8E9FFCE01A600C46006100E9 /* Images.xcassets */ = {isa = PBXFileReference; lastKnownFileType = folder.assetcatalog; path = Images.xcassets; sourceTree = "<group>"; };
		8E9FFCE31A600C46006100E9 /* Base */ = {isa = PBXFileReference; lastKnownFileType = file.xib; name = Base; path = Base.lproj/LaunchScreen.xib; sourceTree = "<group>"; };
		8E9FFCE91A600C46006100E9 /* STQRCodeScanTests.xctest */ = {isa = PBXFileReference; explicitFileType = wrapper.cfbundle; includeInIndex = 0; path = STQRCodeScanTests.xctest; sourceTree = BUILT_PRODUCTS_DIR; };
		8E9FFCEE1A600C46006100E9 /* Info.plist */ = {isa = PBXFileReference; lastKnownFileType = text.plist.xml; path = Info.plist; sourceTree = "<group>"; };
		8E9FFCEF1A600C46006100E9 /* STQRCodeScanTests.m */ = {isa = PBXFileReference; lastKnownFileType = sourcecode.c.objc; path = STQRCodeScanTests.m; sourceTree = "<group>"; };
		8E9FFCFB1A600CA8006100E9 /* Decoder.h */ = {isa = PBXFileReference; fileEncoding = 4; lastKnownFileType = sourcecode.c.h; path = Decoder.h; sourceTree = "<group>"; };
		8E9FFCFC1A600CA8006100E9 /* Exception.h */ = {isa = PBXFileReference; fileEncoding = 4; lastKnownFileType = sourcecode.c.h; path = Exception.h; sourceTree = "<group>"; };
		8E9FFCFD1A600CA8006100E9 /* Image.h */ = {isa = PBXFileReference; fileEncoding = 4; lastKnownFileType = sourcecode.c.h; path = Image.h; sourceTree = "<group>"; };
		8E9FFCFE1A600CA8006100E9 /* ImageScanner.h */ = {isa = PBXFileReference; fileEncoding = 4; lastKnownFileType = sourcecode.c.h; path = ImageScanner.h; sourceTree = "<group>"; };
		8E9FFCFF1A600CA8006100E9 /* Processor.h */ = {isa = PBXFileReference; fileEncoding = 4; lastKnownFileType = sourcecode.c.h; path = Processor.h; sourceTree = "<group>"; };
		8E9FFD001A600CA8006100E9 /* Scanner.h */ = {isa = PBXFileReference; fileEncoding = 4; lastKnownFileType = sourcecode.c.h; path = Scanner.h; sourceTree = "<group>"; };
		8E9FFD011A600CA8006100E9 /* Symbol.h */ = {isa = PBXFileReference; fileEncoding = 4; lastKnownFileType = sourcecode.c.h; path = Symbol.h; sourceTree = "<group>"; };
		8E9FFD021A600CA8006100E9 /* Video.h */ = {isa = PBXFileReference; fileEncoding = 4; lastKnownFileType = sourcecode.c.h; path = Video.h; sourceTree = "<group>"; };
		8E9FFD031A600CA8006100E9 /* Window.h */ = {isa = PBXFileReference; fileEncoding = 4; lastKnownFileType = sourcecode.c.h; path = Window.h; sourceTree = "<group>"; };
		8E9FFD041A600CA8006100E9 /* zbar.h */ = {isa = PBXFileReference; fileEncoding = 4; lastKnownFileType = sourcecode.c.h; path = zbar.h; sourceTree = "<group>"; };
		8E9FFD051A600CA8006100E9 /* ZBarCameraSimulator.h */ = {isa = PBXFileReference; fileEncoding = 4; lastKnownFileType = sourcecode.c.h; path = ZBarCameraSimulator.h; sourceTree = "<group>"; };
		8E9FFD061A600CA8006100E9 /* ZBarCaptureReader.h */ = {isa = PBXFileReference; fileEncoding = 4; lastKnownFileType = sourcecode.c.h; path = ZBarCaptureReader.h; sourceTree = "<group>"; };
		8E9FFD071A600CA8006100E9 /* ZBarHelpController.h */ = {isa = PBXFileReference; fileEncoding = 4; lastKnownFileType = sourcecode.c.h; path = ZBarHelpController.h; sourceTree = "<group>"; };
		8E9FFD081A600CA8006100E9 /* ZBarImage.h */ = {isa = PBXFileReference; fileEncoding = 4; lastKnownFileType = sourcecode.c.h; path = ZBarImage.h; sourceTree = "<group>"; };
		8E9FFD091A600CA8006100E9 /* ZBarImageScanner.h */ = {isa = PBXFileReference; fileEncoding = 4; lastKnownFileType = sourcecode.c.h; path = ZBarImageScanner.h; sourceTree = "<group>"; };
		8E9FFD0A1A600CA8006100E9 /* ZBarReaderController.h */ = {isa = PBXFileReference; fileEncoding = 4; lastKnownFileType = sourcecode.c.h; path = ZBarReaderController.h; sourceTree = "<group>"; };
		8E9FFD0B1A600CA8006100E9 /* ZBarReaderView.h */ = {isa = PBXFileReference; fileEncoding = 4; lastKnownFileType = sourcecode.c.h; path = ZBarReaderView.h; sourceTree = "<group>"; };
		8E9FFD0C1A600CA8006100E9 /* ZBarReaderViewController.h */ = {isa = PBXFileReference; fileEncoding = 4; lastKnownFileType = sourcecode.c.h; path = ZBarReaderViewController.h; sourceTree = "<group>"; };
		8E9FFD0D1A600CA8006100E9 /* ZBarSDK.h */ = {isa = PBXFileReference; fileEncoding = 4; lastKnownFileType = sourcecode.c.h; path = ZBarSDK.h; sourceTree = "<group>"; };
		8E9FFD0E1A600CA8006100E9 /* ZBarSymbol.h */ = {isa = PBXFileReference; fileEncoding = 4; lastKnownFileType = sourcecode.c.h; path = ZBarSymbol.h; sourceTree = "<group>"; };
		8E9FFD0F1A600E78006100E9 /* AVFoundation.framework */ = {isa = PBXFileReference; lastKnownFileType = wrapper.framework; name = AVFoundation.framework; path = System/Library/Frameworks/AVFoundation.framework; sourceTree = SDKROOT; };
		8E9FFD111A600E81006100E9 /* CoreMedia.framework */ = {isa = PBXFileReference; lastKnownFileType = wrapper.framework; name = CoreMedia.framework; path = System/Library/Frameworks/CoreMedia.framework; sourceTree = SDKROOT; };
		8E9FFD131A600E8C006100E9 /* CoreVideo.framework */ = {isa = PBXFileReference; lastKnownFileType = wrapper.framework; name = CoreVideo.framework; path = System/Library/Frameworks/CoreVideo.framework; sourceTree = SDKROOT; };
		8E9FFD151A600E95006100E9 /* QuartzCore.framework */ = {isa = PBXFileReference; lastKnownFileType = wrapper.framework; name = QuartzCore.framework; path = System/Library/Frameworks/QuartzCore.framework; sourceTree = SDKROOT; };
		8E9FFD171A600ED0006100E9 /* libiconv.dylib */ = {isa = PBXFileReference; lastKnownFileType = "compiled.mach-o.dylib"; name = libiconv.dylib; path = usr/lib/libiconv.dylib; sourceTree = SDKROOT; };
/* End PBXFileReference section */

/* Begin PBXFrameworksBuildPhase section */
		8E9FFCCD1A600C46006100E9 /* Frameworks */ = {
			isa = PBXFrameworksBuildPhase;
			buildActionMask = 2147483647;
			files = (
				8E9FFD181A600ED0006100E9 /* libiconv.dylib in Frameworks */,
				8E9A3E0D1B69ECBC00478785 /* libzbar.a in Frameworks */,
				8E9FFD161A600E95006100E9 /* QuartzCore.framework in Frameworks */,
				8E9FFD141A600E8C006100E9 /* CoreVideo.framework in Frameworks */,
				8E9FFD121A600E81006100E9 /* CoreMedia.framework in Frameworks */,
				8E9FFD101A600E78006100E9 /* AVFoundation.framework in Frameworks */,
			);
			runOnlyForDeploymentPostprocessing = 0;
		};
		8E9FFCE61A600C46006100E9 /* Frameworks */ = {
			isa = PBXFrameworksBuildPhase;
			buildActionMask = 2147483647;
			files = (
			);
			runOnlyForDeploymentPostprocessing = 0;
		};
/* End PBXFrameworksBuildPhase section */

/* Begin PBXGroup section */
		8E9FFCC71A600C46006100E9 = {
			isa = PBXGroup;
			children = (
				8E9A3E0C1B69ECBC00478785 /* libzbar.a */,
				8E9FFCD21A600C46006100E9 /* STQRCodeScan */,
				8E9FFCEC1A600C46006100E9 /* STQRCodeScanTests */,
				8E9FFCD11A600C46006100E9 /* Products */,
			);
			sourceTree = "<group>";
		};
		8E9FFCD11A600C46006100E9 /* Products */ = {
			isa = PBXGroup;
			children = (
				8E9FFCD01A600C46006100E9 /* STQRCodeScan.app */,
				8E9FFCE91A600C46006100E9 /* STQRCodeScanTests.xctest */,
			);
			name = Products;
			sourceTree = "<group>";
		};
		8E9FFCD21A600C46006100E9 /* STQRCodeScan */ = {
			isa = PBXGroup;
			children = (
				8E9FFCF91A600CA8006100E9 /* ZBarSDK */,
				8E9FFCD71A600C46006100E9 /* AppDelegate.h */,
				8E9FFCD81A600C46006100E9 /* AppDelegate.m */,
				8E9FFCDA1A600C46006100E9 /* ViewController.h */,
				8E9FFCDB1A600C46006100E9 /* ViewController.m */,
				8E9FFCDD1A600C46006100E9 /* Main.storyboard */,
				8E9FFCE01A600C46006100E9 /* Images.xcassets */,
				8E9FFCE21A600C46006100E9 /* LaunchScreen.xib */,
				8E9FFCD31A600C46006100E9 /* Supporting Files */,
			);
			path = STQRCodeScan;
			sourceTree = "<group>";
		};
		8E9FFCD31A600C46006100E9 /* Supporting Files */ = {
			isa = PBXGroup;
			children = (
				8E9FFCD41A600C46006100E9 /* Info.plist */,
				8E9FFCD51A600C46006100E9 /* main.m */,
			);
			name = "Supporting Files";
			sourceTree = "<group>";
		};
		8E9FFCEC1A600C46006100E9 /* STQRCodeScanTests */ = {
			isa = PBXGroup;
			children = (
				8E9FFD171A600ED0006100E9 /* libiconv.dylib */,
				8E9FFD151A600E95006100E9 /* QuartzCore.framework */,
				8E9FFD131A600E8C006100E9 /* CoreVideo.framework */,
				8E9FFD111A600E81006100E9 /* CoreMedia.framework */,
				8E9FFD0F1A600E78006100E9 /* AVFoundation.framework */,
				8E9FFCEF1A600C46006100E9 /* STQRCodeScanTests.m */,
				8E9FFCED1A600C46006100E9 /* Supporting Files */,
			);
			path = STQRCodeScanTests;
			sourceTree = "<group>";
		};
		8E9FFCED1A600C46006100E9 /* Supporting Files */ = {
			isa = PBXGroup;
			children = (
				8E9FFCEE1A600C46006100E9 /* Info.plist */,
			);
			name = "Supporting Files";
			sourceTree = "<group>";
		};
		8E9FFCF91A600CA8006100E9 /* ZBarSDK */ = {
			isa = PBXGroup;
			children = (
				8E9FFCFA1A600CA8006100E9 /* zbar */,
				8E9FFD041A600CA8006100E9 /* zbar.h */,
				8E9FFD051A600CA8006100E9 /* ZBarCameraSimulator.h */,
				8E9FFD061A600CA8006100E9 /* ZBarCaptureReader.h */,
				8E9FFD071A600CA8006100E9 /* ZBarHelpController.h */,
				8E9FFD081A600CA8006100E9 /* ZBarImage.h */,
				8E9FFD091A600CA8006100E9 /* ZBarImageScanner.h */,
				8E9FFD0A1A600CA8006100E9 /* ZBarReaderController.h */,
				8E9FFD0B1A600CA8006100E9 /* ZBarReaderView.h */,
				8E9FFD0C1A600CA8006100E9 /* ZBarReaderViewController.h */,
				8E9FFD0D1A600CA8006100E9 /* ZBarSDK.h */,
				8E9FFD0E1A600CA8006100E9 /* ZBarSymbol.h */,
			);
			path = ZBarSDK;
			sourceTree = "<group>";
		};
		8E9FFCFA1A600CA8006100E9 /* zbar */ = {
			isa = PBXGroup;
			children = (
				8E9FFCFB1A600CA8006100E9 /* Decoder.h */,
				8E9FFCFC1A600CA8006100E9 /* Exception.h */,
				8E9FFCFD1A600CA8006100E9 /* Image.h */,
				8E9FFCFE1A600CA8006100E9 /* ImageScanner.h */,
				8E9FFCFF1A600CA8006100E9 /* Processor.h */,
				8E9FFD001A600CA8006100E9 /* Scanner.h */,
				8E9FFD011A600CA8006100E9 /* Symbol.h */,
				8E9FFD021A600CA8006100E9 /* Video.h */,
				8E9FFD031A600CA8006100E9 /* Window.h */,
			);
			path = zbar;
			sourceTree = "<group>";
		};
/* End PBXGroup section */

/* Begin PBXNativeTarget section */
		8E9FFCCF1A600C46006100E9 /* STQRCodeScan */ = {
			isa = PBXNativeTarget;
			buildConfigurationList = 8E9FFCF31A600C46006100E9 /* Build configuration list for PBXNativeTarget "STQRCodeScan" */;
			buildPhases = (
				8E9FFCCC1A600C46006100E9 /* Sources */,
				8E9FFCCD1A600C46006100E9 /* Frameworks */,
				8E9FFCCE1A600C46006100E9 /* Resources */,
			);
			buildRules = (
			);
			dependencies = (
			);
			name = STQRCodeScan;
			productName = STQRCodeScan;
			productReference = 8E9FFCD01A600C46006100E9 /* STQRCodeScan.app */;
			productType = "com.apple.product-type.application";
		};
		8E9FFCE81A600C46006100E9 /* STQRCodeScanTests */ = {
			isa = PBXNativeTarget;
			buildConfigurationList = 8E9FFCF61A600C46006100E9 /* Build configuration list for PBXNativeTarget "STQRCodeScanTests" */;
			buildPhases = (
				8E9FFCE51A600C46006100E9 /* Sources */,
				8E9FFCE61A600C46006100E9 /* Frameworks */,
				8E9FFCE71A600C46006100E9 /* Resources */,
			);
			buildRules = (
			);
			dependencies = (
				8E9FFCEB1A600C46006100E9 /* PBXTargetDependency */,
			);
			name = STQRCodeScanTests;
			productName = STQRCodeScanTests;
			productReference = 8E9FFCE91A600C46006100E9 /* STQRCodeScanTests.xctest */;
			productType = "com.apple.product-type.bundle.unit-test";
		};
/* End PBXNativeTarget section */

/* Begin PBXProject section */
		8E9FFCC81A600C46006100E9 /* Project object */ = {
			isa = PBXProject;
			attributes = {
				LastUpgradeCheck = 0600;
				ORGANIZATIONNAME = stone;
				TargetAttributes = {
					8E9FFCCF1A600C46006100E9 = {
						CreatedOnToolsVersion = 6.0.1;
					};
					8E9FFCE81A600C46006100E9 = {
						CreatedOnToolsVersion = 6.0.1;
						TestTargetID = 8E9FFCCF1A600C46006100E9;
					};
				};
			};
			buildConfigurationList = 8E9FFCCB1A600C46006100E9 /* Build configuration list for PBXProject "STQRCodeScan" */;
			compatibilityVersion = "Xcode 3.2";
			developmentRegion = English;
			hasScannedForEncodings = 0;
			knownRegions = (
				en,
				Base,
			);
			mainGroup = 8E9FFCC71A600C46006100E9;
			productRefGroup = 8E9FFCD11A600C46006100E9 /* Products */;
			projectDirPath = "";
			projectRoot = "";
			targets = (
				8E9FFCCF1A600C46006100E9 /* STQRCodeScan */,
				8E9FFCE81A600C46006100E9 /* STQRCodeScanTests */,
			);
		};
/* End PBXProject section */

/* Begin PBXResourcesBuildPhase section */
		8E9FFCCE1A600C46006100E9 /* Resources */ = {
			isa = PBXResourcesBuildPhase;
			buildActionMask = 2147483647;
			files = (
				8E9FFCDF1A600C46006100E9 /* Main.storyboard in Resources */,
				8E9FFCE41A600C46006100E9 /* LaunchScreen.xib in Resources */,
				8E9FFCE11A600C46006100E9 /* Images.xcassets in Resources */,
			);
			runOnlyForDeploymentPostprocessing = 0;
		};
		8E9FFCE71A600C46006100E9 /* Resources */ = {
			isa = PBXResourcesBuildPhase;
			buildActionMask = 2147483647;
			files = (
			);
			runOnlyForDeploymentPostprocessing = 0;
		};
/* End PBXResourcesBuildPhase section */

/* Begin PBXSourcesBuildPhase section */
		8E9FFCCC1A600C46006100E9 /* Sources */ = {
			isa = PBXSourcesBuildPhase;
			buildActionMask = 2147483647;
			files = (
				8E9FFCDC1A600C46006100E9 /* ViewController.m in Sources */,
				8E9FFCD91A600C46006100E9 /* AppDelegate.m in Sources */,
				8E9FFCD61A600C46006100E9 /* main.m in Sources */,
			);
			runOnlyForDeploymentPostprocessing = 0;
		};
		8E9FFCE51A600C46006100E9 /* Sources */ = {
			isa = PBXSourcesBuildPhase;
			buildActionMask = 2147483647;
			files = (
			);
			runOnlyForDeploymentPostprocessing = 0;
		};
/* End PBXSourcesBuildPhase section */

/* Begin PBXTargetDependency section */
		8E9FFCEB1A600C46006100E9 /* PBXTargetDependency */ = {
			isa = PBXTargetDependency;
			target = 8E9FFCCF1A600C46006100E9 /* STQRCodeScan */;
			targetProxy = 8E9FFCEA1A600C46006100E9 /* PBXContainerItemProxy */;
		};
/* End PBXTargetDependency section */

/* Begin PBXVariantGroup section */
		8E9FFCDD1A600C46006100E9 /* Main.storyboard */ = {
			isa = PBXVariantGroup;
			children = (
				8E9FFCDE1A600C46006100E9 /* Base */,
			);
			name = Main.storyboard;
			sourceTree = "<group>";
		};
		8E9FFCE21A600C46006100E9 /* LaunchScreen.xib */ = {
			isa = PBXVariantGroup;
			children = (
				8E9FFCE31A600C46006100E9 /* Base */,
			);
			name = LaunchScreen.xib;
			sourceTree = "<group>";
		};
/* End PBXVariantGroup section */

/* Begin XCBuildConfiguration section */
		8E9FFCF11A600C46006100E9 /* Debug */ = {
			isa = XCBuildConfiguration;
			buildSettings = {
				ALWAYS_SEARCH_USER_PATHS = NO;
				CLANG_CXX_LANGUAGE_STANDARD = "gnu++0x";
				CLANG_CXX_LIBRARY = "libc++";
				CLANG_ENABLE_MODULES = YES;
				CLANG_ENABLE_OBJC_ARC = YES;
				CLANG_WARN_BOOL_CONVERSION = YES;
				CLANG_WARN_CONSTANT_CONVERSION = YES;
				CLANG_WARN_DIRECT_OBJC_ISA_USAGE = YES_ERROR;
				CLANG_WARN_EMPTY_BODY = YES;
				CLANG_WARN_ENUM_CONVERSION = YES;
				CLANG_WARN_INT_CONVERSION = YES;
				CLANG_WARN_OBJC_ROOT_CLASS = YES_ERROR;
				CLANG_WARN_UNREACHABLE_CODE = YES;
				CLANG_WARN__DUPLICATE_METHOD_MATCH = YES;
				"CODE_SIGN_IDENTITY[sdk=iphoneos*]" = "iPhone Developer";
				COPY_PHASE_STRIP = NO;
				ENABLE_STRICT_OBJC_MSGSEND = YES;
				GCC_C_LANGUAGE_STANDARD = gnu99;
				GCC_DYNAMIC_NO_PIC = NO;
				GCC_OPTIMIZATION_LEVEL = 0;
				GCC_PREPROCESSOR_DEFINITIONS = (
					"DEBUG=1",
					"$(inherited)",
				);
				GCC_SYMBOLS_PRIVATE_EXTERN = NO;
				GCC_WARN_64_TO_32_BIT_CONVERSION = YES;
				GCC_WARN_ABOUT_RETURN_TYPE = YES_ERROR;
				GCC_WARN_UNDECLARED_SELECTOR = YES;
				GCC_WARN_UNINITIALIZED_AUTOS = YES_AGGRESSIVE;
				GCC_WARN_UNUSED_FUNCTION = YES;
				GCC_WARN_UNUSED_VARIABLE = YES;
				IPHONEOS_DEPLOYMENT_TARGET = 8.0;
				MTL_ENABLE_DEBUG_INFO = YES;
				ONLY_ACTIVE_ARCH = YES;
				SDKROOT = iphoneos;
			};
			name = Debug;
		};
		8E9FFCF21A600C46006100E9 /* Release */ = {
			isa = XCBuildConfiguration;
			buildSettings = {
				ALWAYS_SEARCH_USER_PATHS = NO;
				CLANG_CXX_LANGUAGE_STANDARD = "gnu++0x";
				CLANG_CXX_LIBRARY = "libc++";
				CLANG_ENABLE_MODULES = YES;
				CLANG_ENABLE_OBJC_ARC = YES;
				CLANG_WARN_BOOL_CONVERSION = YES;
				CLANG_WARN_CONSTANT_CONVERSION = YES;
				CLANG_WARN_DIRECT_OBJC_ISA_USAGE = YES_ERROR;
				CLANG_WARN_EMPTY_BODY = YES;
				CLANG_WARN_ENUM_CONVERSION = YES;
				CLANG_WARN_INT_CONVERSION = YES;
				CLANG_WARN_OBJC_ROOT_CLASS = YES_ERROR;
				CLANG_WARN_UNREACHABLE_CODE = YES;
				CLANG_WARN__DUPLICATE_METHOD_MATCH = YES;
				"CODE_SIGN_IDENTITY[sdk=iphoneos*]" = "iPhone Developer";
				COPY_PHASE_STRIP = YES;
				ENABLE_NS_ASSERTIONS = NO;
				ENABLE_STRICT_OBJC_MSGSEND = YES;
				GCC_C_LANGUAGE_STANDARD = gnu99;
				GCC_WARN_64_TO_32_BIT_CONVERSION = YES;
				GCC_WARN_ABOUT_RETURN_TYPE = YES_ERROR;
				GCC_WARN_UNDECLARED_SELECTOR = YES;
				GCC_WARN_UNINITIALIZED_AUTOS = YES_AGGRESSIVE;
				GCC_WARN_UNUSED_FUNCTION = YES;
				GCC_WARN_UNUSED_VARIABLE = YES;
				IPHONEOS_DEPLOYMENT_TARGET = 8.0;
				MTL_ENABLE_DEBUG_INFO = NO;
				SDKROOT = iphoneos;
				VALIDATE_PRODUCT = YES;
			};
			name = Release;
		};
		8E9FFCF41A600C46006100E9 /* Debug */ = {
			isa = XCBuildConfiguration;
			buildSettings = {
				ASSETCATALOG_COMPILER_APPICON_NAME = AppIcon;
				INFOPLIST_FILE = STQRCodeScan/Info.plist;
				IPHONEOS_DEPLOYMENT_TARGET = 7.0;
				LD_RUNPATH_SEARCH_PATHS = "$(inherited) @executable_path/Frameworks";
				LIBRARY_SEARCH_PATHS = (
					"$(inherited)",
					"/Users/stone/Desktop/Stone/Personal/Code/iOS/Sample/Github/QRCode/ZBarSDK-master",
					"$(PROJECT_DIR)/STQRCodeScan",
					/Users/Stone/Desktop/Files,
					/Users/Stone/Desktop/Work/Backups/Third/ZBarSDK,
				);
				ONLY_ACTIVE_ARCH = NO;
				PRODUCT_NAME = "$(TARGET_NAME)";
				VALID_ARCHS = "armv7 armv7s";
			};
			name = Debug;
		};
		8E9FFCF51A600C46006100E9 /* Release */ = {
			isa = XCBuildConfiguration;
			buildSettings = {
				ASSETCATALOG_COMPILER_APPICON_NAME = AppIcon;
				INFOPLIST_FILE = STQRCodeScan/Info.plist;
				IPHONEOS_DEPLOYMENT_TARGET = 7.0;
				LD_RUNPATH_SEARCH_PATHS = "$(inherited) @executable_path/Frameworks";
				LIBRARY_SEARCH_PATHS = (
					"$(inherited)",
					"/Users/stone/Desktop/Stone/Personal/Code/iOS/Sample/Github/QRCode/ZBarSDK-master",
					"$(PROJECT_DIR)/STQRCodeScan",
					/Users/Stone/Desktop/Files,
					/Users/Stone/Desktop/Work/Backups/Third/ZBarSDK,
				);
				PRODUCT_NAME = "$(TARGET_NAME)";
				VALID_ARCHS = "armv7 armv7s";
			};
			name = Release;
		};
		8E9FFCF71A600C46006100E9 /* Debug */ = {
			isa = XCBuildConfiguration;
			buildSettings = {
				BUNDLE_LOADER = "$(TEST_HOST)";
				FRAMEWORK_SEARCH_PATHS = (
					"$(SDKROOT)/Developer/Library/Frameworks",
					"$(inherited)",
				);
				GCC_PREPROCESSOR_DEFINITIONS = (
					"DEBUG=1",
					"$(inherited)",
				);
				INFOPLIST_FILE = STQRCodeScanTests/Info.plist;
				LD_RUNPATH_SEARCH_PATHS = "$(inherited) @executable_path/Frameworks @loader_path/Frameworks";
				PRODUCT_NAME = "$(TARGET_NAME)";
				TEST_HOST = "$(BUILT_PRODUCTS_DIR)/STQRCodeScan.app/STQRCodeScan";
			};
			name = Debug;
		};
		8E9FFCF81A600C46006100E9 /* Release */ = {
			isa = XCBuildConfiguration;
			buildSettings = {
				BUNDLE_LOADER = "$(TEST_HOST)";
				FRAMEWORK_SEARCH_PATHS = (
					"$(SDKROOT)/Developer/Library/Frameworks",
					"$(inherited)",
				);
				INFOPLIST_FILE = STQRCodeScanTests/Info.plist;
				LD_RUNPATH_SEARCH_PATHS = "$(inherited) @executable_path/Frameworks @loader_path/Frameworks";
				PRODUCT_NAME = "$(TARGET_NAME)";
				TEST_HOST = "$(BUILT_PRODUCTS_DIR)/STQRCodeScan.app/STQRCodeScan";
			};
			name = Release;
		};
/* End XCBuildConfiguration section */

/* Begin XCConfigurationList section */
		8E9FFCCB1A600C46006100E9 /* Build configuration list for PBXProject "STQRCodeScan" */ = {
			isa = XCConfigurationList;
			buildConfigurations = (
				8E9FFCF11A600C46006100E9 /* Debug */,
				8E9FFCF21A600C46006100E9 /* Release */,
			);
			defaultConfigurationIsVisible = 0;
			defaultConfigurationName = Release;
		};
		8E9FFCF31A600C46006100E9 /* Build configuration list for PBXNativeTarget "STQRCodeScan" */ = {
			isa = XCConfigurationList;
			buildConfigurations = (
				8E9FFCF41A600C46006100E9 /* Debug */,
				8E9FFCF51A600C46006100E9 /* Release */,
			);
			defaultConfigurationIsVisible = 0;
			defaultConfigurationName = Release;
		};
		8E9FFCF61A600C46006100E9 /* Build configuration list for PBXNativeTarget "STQRCodeScanTests" */ = {
			isa = XCConfigurationList;
			buildConfigurations = (
				8E9FFCF71A600C46006100E9 /* Debug */,
				8E9FFCF81A600C46006100E9 /* Release */,
			);
			defaultConfigurationIsVisible = 0;
			defaultConfigurationName = Release;
		};
/* End XCConfigurationList section */
	};
	rootObject = 8E9FFCC81A600C46006100E9 /* Project object */;
}
